{
    "name": "sample-http",
    "version": "0.0.1",
    "lockfileVersion": 3,
    "requires": true,
    "packages": {
        "": {
            "name": "sample-http",
            "version": "0.0.1",
            "dependencies": {
                "@emurgo/cardano-serialization-lib-nodejs": "^11.1.0"
            }
        },
        "node_modules/@emurgo/cardano-serialization-lib-nodejs": {
            "version": "11.5.0",
            "resolved": "https://registry.npmjs.org/@emurgo/cardano-serialization-lib-nodejs/-/cardano-serialization-lib-nodejs-11.5.0.tgz",
            "integrity": "sha512-IlVABlRgo9XaTR1NunwZpWcxnfEv04ba2l1vkUz4S1W7Jt36F4CtffP+jPeqBZGnAe+fnUwo0XjIJC3ZTNToNQ=="
        }
    }
}
